
Microsoft Visual Studio Solution File, Format Version 12.00
# Visual Studio Version 17
VisualStudioVersion = 17.5.002.0
MinimumVisualStudioVersion = 10.0.40219.1
Project("{9A19103F-16F7-4668-BE54-9A1E7A4F7556}") = "Questao1", "Questao1.csproj", "{32855E2F-0807-4AF4-937E-07BE0381BD55}"
EndProject
Global
	GlobalSection(SolutionConfigurationPlatforms) = preSolution
		Debug|Any CPU = Debug|Any CPU
		Release|Any CPU = Release|Any CPU
	EndGlobalSection
	GlobalSection(ProjectConfigurationPlatforms) = postSolution
		{32855E2F-0807-4AF4-937E-07BE0381BD55}.Debug|Any CPU.ActiveCfg = Debug|Any CPU
		{32855E2F-0807-4AF4-937E-07BE0381BD55}.Debug|Any CPU.Build.0 = Debug|Any CPU
		{32855E2F-0807-4AF4-937E-07BE0381BD55}.Release|Any CPU.ActiveCfg = Release|Any CPU
		{32855E2F-0807-4AF4-937E-07BE0381BD55}.Release|Any CPU.Build.0 = Release|Any CPU
	EndGlobalSection
	GlobalSection(SolutionProperties) = preSolution
		HideSolutionNode = FALSE
	EndGlobalSection
	GlobalSection(ExtensibilityGlobals) = postSolution
		SolutionGuid = {F508AAB0-33DE-49A3-9C7F-B6B8EF6E7950}
	EndGlobalSection
EndGlobal
